
Microsoft Visual Studio Solution File, Format Version 12.00
# Visual Studio 2012
Project("{FAE04EC0-301F-11D3-BF4B-00C04F79EFBC}") = "System.Half", "csharp-half-code-2\System.Half\System.Half.csproj", "{1C871681-737C-45F4-9CE4-045366491A46}"
EndProject
Project("{FAE04EC0-301F-11D3-BF4B-00C04F79EFBC}") = "System.HalfTests", "csharp-half-code-2\System.HalfTests\System.HalfTests.csproj", "{160787D6-9779-4A04-B2E7-2FB9CAC16215}"
EndProject
Project("{FAE04EC0-301F-11D3-BF4B-00C04F79EFBC}") = "OpenCL.Net.Wrapper", "OpenCL.Net.Wrapper\OpenCL.Net.Wrapper.csproj", "{A405C95D-FECE-488D-A6A4-B8C6FA184880}"
EndProject
Project("{2150E333-8FDC-42A3-9474-1A3956D46DE8}") = ".nuget", ".nuget", "{81510EEA-9DD1-4EB8-9B56-C143CB95C3EE}"
	ProjectSection(SolutionItems) = preProject
		.nuget\NuGet.Config = .nuget\NuGet.Config
		.nuget\NuGet.exe = .nuget\NuGet.exe
		.nuget\NuGet.targets = .nuget\NuGet.targets
	EndProjectSection
EndProject
Project("{FAE04EC0-301F-11D3-BF4B-00C04F79EFBC}") = "Banana.Common", "Banana.Common\Banana.Common.csproj", "{2AE49BB5-0303-44F9-9FDE-743D54D599A2}"
EndProject
Project("{2150E333-8FDC-42A3-9474-1A3956D46DE8}") = "Half", "Half", "{E75BF681-FDAB-415B-A65D-35A6969C383F}"
EndProject
Project("{FAE04EC0-301F-11D3-BF4B-00C04F79EFBC}") = "Banana.Data", "Banana.Data\Banana.Data.csproj", "{E28BCCDA-6BEE-4C9C-AAE0-5F3D0CD52463}"
EndProject
Project("{FAE04EC0-301F-11D3-BF4B-00C04F79EFBC}") = "Banana.Exception", "Banana.Exception\Banana.Exception.csproj", "{EB9CD552-E63B-4BBF-8441-8A8EB6D307A6}"
EndProject
Project("{2150E333-8FDC-42A3-9474-1A3956D46DE8}") = "MLP", "MLP", "{EF32CEED-414A-469F-BC41-1C7BEFF91984}"
EndProject
Project("{FAE04EC0-301F-11D3-BF4B-00C04F79EFBC}") = "Banana.MLP", "Banana.MLP\Banana.MLP.csproj", "{2CD1E4FF-5354-4C99-84E3-D267CA1AA1A3}"
EndProject
Project("{FAE04EC0-301F-11D3-BF4B-00C04F79EFBC}") = "Banana.MLP.Tests", "Banana.MLP.Tests\Banana.MLP.Tests.csproj", "{239B34E3-BB45-4C35-B8D6-DA01A4C7DBE6}"
EndProject
Project("{FAE04EC0-301F-11D3-BF4B-00C04F79EFBC}") = "Banana.MLP.Classic.ForwardPropagation", "Banana.MLP.Classic.ForwardPropagation\Banana.MLP.Classic.ForwardPropagation.csproj", "{5231DB37-CF38-40A2-B52A-93AA32384E5B}"
EndProject
Project("{FAE04EC0-301F-11D3-BF4B-00C04F79EFBC}") = "Banana.MLP.Classic.BackPropagation", "Banana.MLP.Classic.BackPropagation\Banana.MLP.Classic.BackPropagation.csproj", "{0C352B9C-6BD0-4179-8683-4EEFE1BC2826}"
EndProject
Project("{FAE04EC0-301F-11D3-BF4B-00C04F79EFBC}") = "Banana.Backpropagation", "Banana.Backpropagation\Banana.Backpropagation.csproj", "{81CA865F-A874-4098-A315-80A127019E89}"
EndProject
Project("{2150E333-8FDC-42A3-9474-1A3956D46DE8}") = "MNIST", "MNIST", "{B0D89F83-1733-4AE0-8857-53AD852C5F96}"
EndProject
Project("{FAE04EC0-301F-11D3-BF4B-00C04F79EFBC}") = "Banana.MNIST", "Banana.MNIST\Banana.MNIST.csproj", "{46748016-7A2A-4138-9D70-622C234197B5}"
EndProject
Project("{FAE04EC0-301F-11D3-BF4B-00C04F79EFBC}") = "Banana.MNIST.ConsoleApplication", "Banana.MNIST.ConsoleApplication\Banana.MNIST.ConsoleApplication.csproj", "{FA86A838-71DC-4F4D-B4D1-0EED2331E11D}"
EndProject
Project("{2150E333-8FDC-42A3-9474-1A3956D46DE8}") = "Solution Items", "Solution Items", "{43B033FE-37AB-4542-B9B9-8F6BB3386888}"
	ProjectSection(SolutionItems) = preProject
		Performance1.psess = Performance1.psess
	EndProjectSection
EndProject
Global
	GlobalSection(SolutionConfigurationPlatforms) = preSolution
		Debug|Any CPU = Debug|Any CPU
		Debug|x64 = Debug|x64
		Release|Any CPU = Release|Any CPU
		Release|x64 = Release|x64
	EndGlobalSection
	GlobalSection(ProjectConfigurationPlatforms) = postSolution
		{1C871681-737C-45F4-9CE4-045366491A46}.Debug|Any CPU.ActiveCfg = Debug|Any CPU
		{1C871681-737C-45F4-9CE4-045366491A46}.Debug|Any CPU.Build.0 = Debug|Any CPU
		{1C871681-737C-45F4-9CE4-045366491A46}.Debug|x64.ActiveCfg = Debug|x64
		{1C871681-737C-45F4-9CE4-045366491A46}.Debug|x64.Build.0 = Debug|x64
		{1C871681-737C-45F4-9CE4-045366491A46}.Release|Any CPU.ActiveCfg = Release|Any CPU
		{1C871681-737C-45F4-9CE4-045366491A46}.Release|Any CPU.Build.0 = Release|Any CPU
		{1C871681-737C-45F4-9CE4-045366491A46}.Release|x64.ActiveCfg = Release|x64
		{1C871681-737C-45F4-9CE4-045366491A46}.Release|x64.Build.0 = Release|x64
		{160787D6-9779-4A04-B2E7-2FB9CAC16215}.Debug|Any CPU.ActiveCfg = Debug|Any CPU
		{160787D6-9779-4A04-B2E7-2FB9CAC16215}.Debug|Any CPU.Build.0 = Debug|Any CPU
		{160787D6-9779-4A04-B2E7-2FB9CAC16215}.Debug|x64.ActiveCfg = Debug|Any CPU
		{160787D6-9779-4A04-B2E7-2FB9CAC16215}.Release|Any CPU.ActiveCfg = Release|Any CPU
		{160787D6-9779-4A04-B2E7-2FB9CAC16215}.Release|Any CPU.Build.0 = Release|Any CPU
		{160787D6-9779-4A04-B2E7-2FB9CAC16215}.Release|x64.ActiveCfg = Release|Any CPU
		{A405C95D-FECE-488D-A6A4-B8C6FA184880}.Debug|Any CPU.ActiveCfg = Debug|Any CPU
		{A405C95D-FECE-488D-A6A4-B8C6FA184880}.Debug|Any CPU.Build.0 = Debug|Any CPU
		{A405C95D-FECE-488D-A6A4-B8C6FA184880}.Debug|x64.ActiveCfg = Debug|x64
		{A405C95D-FECE-488D-A6A4-B8C6FA184880}.Debug|x64.Build.0 = Debug|x64
		{A405C95D-FECE-488D-A6A4-B8C6FA184880}.Release|Any CPU.ActiveCfg = Release|Any CPU
		{A405C95D-FECE-488D-A6A4-B8C6FA184880}.Release|Any CPU.Build.0 = Release|Any CPU
		{A405C95D-FECE-488D-A6A4-B8C6FA184880}.Release|x64.ActiveCfg = Release|x64
		{A405C95D-FECE-488D-A6A4-B8C6FA184880}.Release|x64.Build.0 = Release|x64
		{2AE49BB5-0303-44F9-9FDE-743D54D599A2}.Debug|Any CPU.ActiveCfg = Debug|Any CPU
		{2AE49BB5-0303-44F9-9FDE-743D54D599A2}.Debug|Any CPU.Build.0 = Debug|Any CPU
		{2AE49BB5-0303-44F9-9FDE-743D54D599A2}.Debug|x64.ActiveCfg = Debug|Any CPU
		{2AE49BB5-0303-44F9-9FDE-743D54D599A2}.Release|Any CPU.ActiveCfg = Release|Any CPU
		{2AE49BB5-0303-44F9-9FDE-743D54D599A2}.Release|Any CPU.Build.0 = Release|Any CPU
		{2AE49BB5-0303-44F9-9FDE-743D54D599A2}.Release|x64.ActiveCfg = Release|Any CPU
		{E28BCCDA-6BEE-4C9C-AAE0-5F3D0CD52463}.Debug|Any CPU.ActiveCfg = Debug|Any CPU
		{E28BCCDA-6BEE-4C9C-AAE0-5F3D0CD52463}.Debug|Any CPU.Build.0 = Debug|Any CPU
		{E28BCCDA-6BEE-4C9C-AAE0-5F3D0CD52463}.Debug|x64.ActiveCfg = Debug|Any CPU
		{E28BCCDA-6BEE-4C9C-AAE0-5F3D0CD52463}.Release|Any CPU.ActiveCfg = Release|Any CPU
		{E28BCCDA-6BEE-4C9C-AAE0-5F3D0CD52463}.Release|Any CPU.Build.0 = Release|Any CPU
		{E28BCCDA-6BEE-4C9C-AAE0-5F3D0CD52463}.Release|x64.ActiveCfg = Release|Any CPU
		{EB9CD552-E63B-4BBF-8441-8A8EB6D307A6}.Debug|Any CPU.ActiveCfg = Debug|Any CPU
		{EB9CD552-E63B-4BBF-8441-8A8EB6D307A6}.Debug|Any CPU.Build.0 = Debug|Any CPU
		{EB9CD552-E63B-4BBF-8441-8A8EB6D307A6}.Debug|x64.ActiveCfg = Debug|Any CPU
		{EB9CD552-E63B-4BBF-8441-8A8EB6D307A6}.Release|Any CPU.ActiveCfg = Release|Any CPU
		{EB9CD552-E63B-4BBF-8441-8A8EB6D307A6}.Release|Any CPU.Build.0 = Release|Any CPU
		{EB9CD552-E63B-4BBF-8441-8A8EB6D307A6}.Release|x64.ActiveCfg = Release|Any CPU
		{2CD1E4FF-5354-4C99-84E3-D267CA1AA1A3}.Debug|Any CPU.ActiveCfg = Debug|Any CPU
		{2CD1E4FF-5354-4C99-84E3-D267CA1AA1A3}.Debug|Any CPU.Build.0 = Debug|Any CPU
		{2CD1E4FF-5354-4C99-84E3-D267CA1AA1A3}.Debug|x64.ActiveCfg = Debug|Any CPU
		{2CD1E4FF-5354-4C99-84E3-D267CA1AA1A3}.Release|Any CPU.ActiveCfg = Release|Any CPU
		{2CD1E4FF-5354-4C99-84E3-D267CA1AA1A3}.Release|Any CPU.Build.0 = Release|Any CPU
		{2CD1E4FF-5354-4C99-84E3-D267CA1AA1A3}.Release|x64.ActiveCfg = Release|Any CPU
		{239B34E3-BB45-4C35-B8D6-DA01A4C7DBE6}.Debug|Any CPU.ActiveCfg = Debug|Any CPU
		{239B34E3-BB45-4C35-B8D6-DA01A4C7DBE6}.Debug|Any CPU.Build.0 = Debug|Any CPU
		{239B34E3-BB45-4C35-B8D6-DA01A4C7DBE6}.Debug|x64.ActiveCfg = Debug|Any CPU
		{239B34E3-BB45-4C35-B8D6-DA01A4C7DBE6}.Release|Any CPU.ActiveCfg = Release|Any CPU
		{239B34E3-BB45-4C35-B8D6-DA01A4C7DBE6}.Release|Any CPU.Build.0 = Release|Any CPU
		{239B34E3-BB45-4C35-B8D6-DA01A4C7DBE6}.Release|x64.ActiveCfg = Release|Any CPU
		{5231DB37-CF38-40A2-B52A-93AA32384E5B}.Debug|Any CPU.ActiveCfg = Debug|Any CPU
		{5231DB37-CF38-40A2-B52A-93AA32384E5B}.Debug|Any CPU.Build.0 = Debug|Any CPU
		{5231DB37-CF38-40A2-B52A-93AA32384E5B}.Debug|x64.ActiveCfg = Debug|Any CPU
		{5231DB37-CF38-40A2-B52A-93AA32384E5B}.Release|Any CPU.ActiveCfg = Release|Any CPU
		{5231DB37-CF38-40A2-B52A-93AA32384E5B}.Release|Any CPU.Build.0 = Release|Any CPU
		{5231DB37-CF38-40A2-B52A-93AA32384E5B}.Release|x64.ActiveCfg = Release|Any CPU
		{0C352B9C-6BD0-4179-8683-4EEFE1BC2826}.Debug|Any CPU.ActiveCfg = Debug|Any CPU
		{0C352B9C-6BD0-4179-8683-4EEFE1BC2826}.Debug|Any CPU.Build.0 = Debug|Any CPU
		{0C352B9C-6BD0-4179-8683-4EEFE1BC2826}.Debug|x64.ActiveCfg = Debug|Any CPU
		{0C352B9C-6BD0-4179-8683-4EEFE1BC2826}.Release|Any CPU.ActiveCfg = Release|Any CPU
		{0C352B9C-6BD0-4179-8683-4EEFE1BC2826}.Release|Any CPU.Build.0 = Release|Any CPU
		{0C352B9C-6BD0-4179-8683-4EEFE1BC2826}.Release|x64.ActiveCfg = Release|Any CPU
		{81CA865F-A874-4098-A315-80A127019E89}.Debug|Any CPU.ActiveCfg = Debug|Any CPU
		{81CA865F-A874-4098-A315-80A127019E89}.Debug|Any CPU.Build.0 = Debug|Any CPU
		{81CA865F-A874-4098-A315-80A127019E89}.Debug|x64.ActiveCfg = Debug|Any CPU
		{81CA865F-A874-4098-A315-80A127019E89}.Release|Any CPU.ActiveCfg = Release|Any CPU
		{81CA865F-A874-4098-A315-80A127019E89}.Release|Any CPU.Build.0 = Release|Any CPU
		{81CA865F-A874-4098-A315-80A127019E89}.Release|x64.ActiveCfg = Release|Any CPU
		{46748016-7A2A-4138-9D70-622C234197B5}.Debug|Any CPU.ActiveCfg = Debug|Any CPU
		{46748016-7A2A-4138-9D70-622C234197B5}.Debug|Any CPU.Build.0 = Debug|Any CPU
		{46748016-7A2A-4138-9D70-622C234197B5}.Debug|x64.ActiveCfg = Debug|Any CPU
		{46748016-7A2A-4138-9D70-622C234197B5}.Release|Any CPU.ActiveCfg = Release|Any CPU
		{46748016-7A2A-4138-9D70-622C234197B5}.Release|Any CPU.Build.0 = Release|Any CPU
		{46748016-7A2A-4138-9D70-622C234197B5}.Release|x64.ActiveCfg = Release|Any CPU
		{FA86A838-71DC-4F4D-B4D1-0EED2331E11D}.Debug|Any CPU.ActiveCfg = Debug|Any CPU
		{FA86A838-71DC-4F4D-B4D1-0EED2331E11D}.Debug|Any CPU.Build.0 = Debug|Any CPU
		{FA86A838-71DC-4F4D-B4D1-0EED2331E11D}.Debug|x64.ActiveCfg = Debug|Any CPU
		{FA86A838-71DC-4F4D-B4D1-0EED2331E11D}.Release|Any CPU.ActiveCfg = Release|Any CPU
		{FA86A838-71DC-4F4D-B4D1-0EED2331E11D}.Release|Any CPU.Build.0 = Release|Any CPU
		{FA86A838-71DC-4F4D-B4D1-0EED2331E11D}.Release|x64.ActiveCfg = Release|Any CPU
	EndGlobalSection
	GlobalSection(SolutionProperties) = preSolution
		HideSolutionNode = FALSE
	EndGlobalSection
	GlobalSection(NestedProjects) = preSolution
		{160787D6-9779-4A04-B2E7-2FB9CAC16215} = {E75BF681-FDAB-415B-A65D-35A6969C383F}
		{1C871681-737C-45F4-9CE4-045366491A46} = {E75BF681-FDAB-415B-A65D-35A6969C383F}
		{2CD1E4FF-5354-4C99-84E3-D267CA1AA1A3} = {EF32CEED-414A-469F-BC41-1C7BEFF91984}
		{239B34E3-BB45-4C35-B8D6-DA01A4C7DBE6} = {EF32CEED-414A-469F-BC41-1C7BEFF91984}
		{5231DB37-CF38-40A2-B52A-93AA32384E5B} = {EF32CEED-414A-469F-BC41-1C7BEFF91984}
		{0C352B9C-6BD0-4179-8683-4EEFE1BC2826} = {EF32CEED-414A-469F-BC41-1C7BEFF91984}
		{46748016-7A2A-4138-9D70-622C234197B5} = {B0D89F83-1733-4AE0-8857-53AD852C5F96}
		{FA86A838-71DC-4F4D-B4D1-0EED2331E11D} = {B0D89F83-1733-4AE0-8857-53AD852C5F96}
	EndGlobalSection
	GlobalSection(Performance) = preSolution
		HasPerformanceSessions = true
	EndGlobalSection
EndGlobal
